github.com/dolmen-go/jsonptr v1.1.0 h1:V/yAWWFLqtcPWs9FEeCy94xoo0twVB6HWjDufo91ULM=
github.com/dolmen-go/jsonptr v1.1.0/go.mod h1:0Qoo4GC4UlwQHZdHbkdbfEXVdDTtFDzXQa99kb09NkA=
github.com/mohae/deepcopy v0.0.0-20170929034955-c48cc78d4826 h1:RWengNIwukTxcDr9M+97sNutRR1RKhG96O6jWumTTnw=
github.com/mohae/deepcopy v0.0.0-20170929034955-c48cc78d4826/go.mod h1:TaXosZuwdSHYgviHp1DAtfrULt5eUgsSMsZf+YrPgl8=
go.yaml.in/yaml/v3 v3.0.5 h1:N6y/pJk8buWs9NY5ERU2HSMfm+IuD/OtfdAnq6kESPw=
go.yaml.in/yaml/v3 v3.0.5/go.mod h1:HVTZu1O7/Vkt2N+BFy8Zza+lnLsABggaTM2ZpNIGuKg=
